
Microsoft Visual Studio Solution File, Format Version 12.00
# Visual Studio Version 17
VisualStudioVersion = 17.10.35004.147
MinimumVisualStudioVersion = 10.0.40219.1
Project("{9A19103F-16F7-4668-BE54-9A1E7A4F7556}") = "pocky.Api", "pocky.Api\pocky.Api.csproj", "{3C129DA3-F11F-45B7-99D6-2CEC4974E1AE}"
EndProject
Project("{9A19103F-16F7-4668-BE54-9A1E7A4F7556}") = "Pocky.WASM", "Pocky.WASM\Pocky.WASM.csproj", "{D71A9D64-F36B-4435-995A-5372ECB308F1}"
EndProject
Global
	GlobalSection(SolutionConfigurationPlatforms) = preSolution
		Debug|Any CPU = Debug|Any CPU
		Release|Any CPU = Release|Any CPU
	EndGlobalSection
	GlobalSection(ProjectConfigurationPlatforms) = postSolution
		{3C129DA3-F11F-45B7-99D6-2CEC4974E1AE}.Debug|Any CPU.ActiveCfg = Debug|Any CPU
		{3C129DA3-F11F-45B7-99D6-2CEC4974E1AE}.Debug|Any CPU.Build.0 = Debug|Any CPU
		{3C129DA3-F11F-45B7-99D6-2CEC4974E1AE}.Release|Any CPU.ActiveCfg = Release|Any CPU
		{3C129DA3-F11F-45B7-99D6-2CEC4974E1AE}.Release|Any CPU.Build.0 = Release|Any CPU
		{D71A9D64-F36B-4435-995A-5372ECB308F1}.Debug|Any CPU.ActiveCfg = Debug|Any CPU
		{D71A9D64-F36B-4435-995A-5372ECB308F1}.Debug|Any CPU.Build.0 = Debug|Any CPU
		{D71A9D64-F36B-4435-995A-5372ECB308F1}.Release|Any CPU.ActiveCfg = Release|Any CPU
		{D71A9D64-F36B-4435-995A-5372ECB308F1}.Release|Any CPU.Build.0 = Release|Any CPU
	EndGlobalSection
	GlobalSection(SolutionProperties) = preSolution
		HideSolutionNode = FALSE
	EndGlobalSection
	GlobalSection(ExtensibilityGlobals) = postSolution
		SolutionGuid = {02984F71-B05E-4C0E-A398-529AF32A736C}
	EndGlobalSection
EndGlobal
